{
    "_meta": {
        "hash": {
            "sha256": "93504567e3dbab604071835149042fa5ca07b197e0fd353eda46c65b98246b9f"
        },
        "pipfile-spec": 6,
        "requires": {
            "python_version": "3.10"
        },
        "sources": [
            {
                "name": "pypi",
                "url": "https://pypi.org/simple",
                "verify_ssl": true
            }
        ]
    },
    "default": {
        "asgiref": {
            "hashes": [
                "sha256:89b2ef2247e3b562a16eef663bc0e2e703ec6468e2fa8a5cd61cd449786d4f6e",
                "sha256:9e0ce3aa93a819ba5b45120216b23878cf6e8525eb3848653452b4192b92afed"
            ],
            "markers": "python_version >= '3.7'",
            "version": "==3.7.2"
        },
        "avro": {
            "hashes": [
                "sha256:3393bb5139f9cf0791d205756ce1e39a5b58586af5b153d6a3b5a199610e9d17"
            ],
            "index": "pypi",
            "markers": "python_version >= '3.6'",
            "version": "==1.11.3"
        },
        "certifi": {
            "hashes": [
                "sha256:9b469f3a900bf28dc19b8cfbf8019bf47f7fdd1a65a1d4ffb98fc14166beb4d1",
                "sha256:e036ab49d5b79556f99cfc2d9320b34cfbe5be05c5871b51de9329f0603b0474"
            ],
            "markers": "python_version >= '3.6'",
            "version": "==2023.11.17"
        },
        "charset-normalizer": {
            "hashes": [
                "sha256:06435b539f889b1f6f4ac1758871aae42dc3a8c0e24ac9e60c2384973ad73027",
                "sha256:06a81e93cd441c56a9b65d8e1d043daeb97a3d0856d177d5c90ba85acb3db087",
                "sha256:0a55554a2fa0d408816b3b5cedf0045f4b8e1a6065aec45849de2d6f3f8e9786",
                "sha256:0b2b64d2bb6d3fb9112bafa732def486049e63de9618b5843bcdd081d8144cd8",
                "sha256:10955842570876604d404661fbccbc9c7e684caf432c09c715ec38fbae45ae09",
                "sha256:122c7fa62b130ed55f8f285bfd56d5f4b4a5b503609d181f9ad85e55c89f4185",
                "sha256:1ceae2f17a9c33cb48e3263960dc5fc8005351ee19db217e9b1bb15d28c02574",
                "sha256:1d3193f4a680c64b4b6a9115943538edb896edc190f0b222e73761716519268e",
                "sha256:1f79682fbe303db92bc2b1136016a38a42e835d932bab5b3b1bfcfbf0640e519",
                "sha256:2127566c664442652f024c837091890cb1942c30937add288223dc895793f898",
                "sha256:22afcb9f253dac0696b5a4be4a1c0f8762f8239e21b99680099abd9b2b1b2269",
                "sha256:25baf083bf6f6b341f4121c2f3c548875ee6f5339300e08be3f2b2ba1721cdd3",
                "sha256:2e81c7b9c8979ce92ed306c249d46894776a909505d8f5a4ba55b14206e3222f",
                "sha256:3287761bc4ee9e33561a7e058c72ac0938c4f57fe49a09eae428fd88aafe7bb6",
                "sha256:34d1c8da1e78d2e001f363791c98a272bb734000fcef47a491c1e3b0505657a8",
                "sha256:37e55c8e51c236f95b033f6fb391d7d7970ba5fe7ff453dad675e88cf303377a",
                "sha256:3d47fa203a7bd9c5b6cee4736ee84ca03b8ef23193c0d1ca99b5089f72645c73",
                "sha256:3e4d1f6587322d2788836a99c69062fbb091331ec940e02d12d179c1d53e25fc",
                "sha256:42cb296636fcc8b0644486d15c12376cb9fa75443e00fb25de0b8602e64c1714",
                "sha256:45485e01ff4d3630ec0d9617310448a8702f70e9c01906b0d0118bdf9d124cf2",
                "sha256:4a78b2b446bd7c934f5dcedc588903fb2f5eec172f3d29e52a9096a43722adfc",
                "sha256:4ab2fe47fae9e0f9dee8c04187ce5d09f48eabe611be8259444906793ab7cbce",
                "sha256:4d0d1650369165a14e14e1e47b372cfcb31d6ab44e6e33cb2d4e57265290044d",
                "sha256:549a3a73da901d5bc3ce8d24e0600d1fa85524c10287f6004fbab87672bf3e1e",
                "sha256:55086ee1064215781fff39a1af09518bc9255b50d6333f2e4c74ca09fac6a8f6",
                "sha256:572c3763a264ba47b3cf708a44ce965d98555f618ca42c926a9c1616d8f34269",
                "sha256:573f6eac48f4769d667c4442081b1794f52919e7edada77495aaed9236d13a96",
                "sha256:5b4c145409bef602a690e7cfad0a15a55c13320ff7a3ad7ca59c13bb8ba4d45d",
                "sha256:6463effa3186ea09411d50efc7d85360b38d5f09b870c48e4600f63af490e56a",
                "sha256:65f6f63034100ead094b8744b3b97965785388f308a64cf8d7c34f2f2e5be0c4",
                "sha256:663946639d296df6a2bb2aa51b60a2454ca1cb29835324c640dafb5ff2131a77",
                "sha256:6897af51655e3691ff853668779c7bad41579facacf5fd7253b0133308cf000d",
                "sha256:68d1f8a9e9e37c1223b656399be5d6b448dea850bed7d0f87a8311f1ff3dabb0",
                "sha256:6ac7ffc7ad6d040517be39eb591cac5ff87416c2537df6ba3cba3bae290c0fed",
                "sha256:6b3251890fff30ee142c44144871185dbe13b11bab478a88887a639655be1068",
                "sha256:6c4caeef8fa63d06bd437cd4bdcf3ffefe6738fb1b25951440d80dc7df8c03ac",
                "sha256:6ef1d82a3af9d3eecdba2321dc1b3c238245d890843e040e41e470ffa64c3e25",
                "sha256:753f10e867343b4511128c6ed8c82f7bec3bd026875576dfd88483c5c73b2fd8",
                "sha256:7cd13a2e3ddeed6913a65e66e94b51d80a041145a026c27e6bb76c31a853c6ab",
                "sha256:7ed9e526742851e8d5cc9e6cf41427dfc6068d4f5a3bb03659444b4cabf6bc26",
                "sha256:7f04c839ed0b6b98b1a7501a002144b76c18fb1c1850c8b98d458ac269e26ed2",
                "sha256:802fe99cca7457642125a8a88a084cef28ff0cf9407060f7b93dca5aa25480db",
                "sha256:80402cd6ee291dcb72644d6eac93785fe2c8b9cb30893c1af5b8fdd753b9d40f",
                "sha256:8465322196c8b4d7ab6d1e049e4c5cb460d0394da4a27d23cc242fbf0034b6b5",
                "sha256:86216b5cee4b06df986d214f664305142d9c76df9b6512be2738aa72a2048f99",
                "sha256:87d1351268731db79e0f8e745d92493ee2841c974128ef629dc518b937d9194c",
                "sha256:8bdb58ff7ba23002a4c5808d608e4e6c687175724f54a5dade5fa8c67b604e4d",
                "sha256:8c622a5fe39a48f78944a87d4fb8a53ee07344641b0562c540d840748571b811",
                "sha256:8d756e44e94489e49571086ef83b2bb8ce311e730092d2c34ca8f7d925cb20aa",
                "sha256:8f4a014bc36d3c57402e2977dada34f9c12300af536839dc38c0beab8878f38a",
                "sha256:9063e24fdb1e498ab71cb7419e24622516c4a04476b17a2dab57e8baa30d6e03",
                "sha256:90d558489962fd4918143277a773316e56c72da56ec7aa3dc3dbbe20fdfed15b",
                "sha256:923c0c831b7cfcb071580d3f46c4baf50f174be571576556269530f4bbd79d04",
                "sha256:95f2a5796329323b8f0512e09dbb7a1860c46a39da62ecb2324f116fa8fdc85c",
                "sha256:96b02a3dc4381e5494fad39be677abcb5e6634bf7b4fa83a6dd3112607547001",
                "sha256:9f96df6923e21816da7e0ad3fd47dd8f94b2a5ce594e00677c0013018b813458",
                "sha256:a10af20b82360ab00827f916a6058451b723b4e65030c5a18577c8b2de5b3389",
                "sha256:a50aebfa173e157099939b17f18600f72f84eed3049e743b68ad15bd69b6bf99",
                "sha256:a981a536974bbc7a512cf44ed14938cf01030a99e9b3a06dd59578882f06f985",
                "sha256:a9a8e9031d613fd2009c182b69c7b2c1ef8239a0efb1df3f7c8da66d5dd3d537",
                "sha256:ae5f4161f18c61806f411a13b0310bea87f987c7d2ecdbdaad0e94eb2e404238",
                "sha256:aed38f6e4fb3f5d6bf81bfa990a07806be9d83cf7bacef998ab1a9bd660a581f",
                "sha256:b01b88d45a6fcb69667cd6d2f7a9aeb4bf53760d7fc536bf679ec94fe9f3ff3d",
                "sha256:b261ccdec7821281dade748d088bb6e9b69e6d15b30652b74cbbac25e280b796",
                "sha256:b2b0a0c0517616b6869869f8c581d4eb2dd83a4d79e0ebcb7d373ef9956aeb0a",
                "sha256:b4a23f61ce87adf89be746c8a8974fe1c823c891d8f86eb218bb957c924bb143",
                "sha256:bd8f7df7d12c2db9fab40bdd87a7c09b1530128315d047a086fa3ae3435cb3a8",
                "sha256:beb58fe5cdb101e3a055192ac291b7a21e3b7ef4f67fa1d74e331a7f2124341c",
                "sha256:c002b4ffc0be611f0d9da932eb0f704fe2602a9a949d1f738e4c34c75b0863d5",
                "sha256:c083af607d2515612056a31f0a8d9e0fcb5876b7bfc0abad3ecd275bc4ebc2d5",
                "sha256:c180f51afb394e165eafe4ac2936a14bee3eb10debc9d9e4db8958fe36afe711",
                "sha256:c235ebd9baae02f1b77bcea61bce332cb4331dc3617d254df3323aa01ab47bd4",
                "sha256:cd70574b12bb8a4d2aaa0094515df2463cb429d8536cfb6c7ce983246983e5a6",
                "sha256:d0eccceffcb53201b5bfebb52600a5fb483a20b61da9dbc885f8b103cbe7598c",
                "sha256:d965bba47ddeec8cd560687584e88cf699fd28f192ceb452d1d7ee807c5597b7",
                "sha256:db364eca23f876da6f9e16c9da0df51aa4f104a972735574842618b8c6d999d4",
                "sha256:ddbb2551d7e0102e7252db79ba445cdab71b26640817ab1e3e3648dad515003b",
                "sha256:deb6be0ac38ece9ba87dea880e438f25ca3eddfac8b002a2ec3d9183a454e8ae",
                "sha256:e06ed3eb3218bc64786f7db41917d4e686cc4856944f53d5bdf83a6884432e12",
                "sha256:e27ad930a842b4c5eb8ac0016b0a54f5aebbe679340c26101df33424142c143c",
                "sha256:e537484df0d8f426ce2afb2d0f8e1c3d0b114b83f8850e5f2fbea0e797bd82ae",
                "sha256:eb00ed941194665c332bf8e078baf037d6c35d7c4f3102ea2d4f16ca94a26dc8",
                "sha256:eb6904c354526e758fda7167b33005998fb68c46fbc10e013ca97f21ca5c8887",
                "sha256:eb8821e09e916165e160797a6c17edda0679379a4be5c716c260e836e122f54b",
                "sha256:efcb3f6676480691518c177e3b465bcddf57cea040302f9f4e6e191af91174d4",
                "sha256:f27273b60488abe721a075bcca6d7f3964f9f6f067c8c4c605743023d7d3944f",
                "sha256:f30c3cb33b24454a82faecaf01b19c18562b1e89558fb6c56de4d9118a032fd5",
                "sha256:fb69256e180cb6c8a894fee62b3afebae785babc1ee98b81cdf68bbca1987f33",
                "sha256:fd1abc0d89e30cc4e02e4064dc67fcc51bd941eb395c502aac3ec19fab46b519",
                "sha256:ff8fa367d09b717b2a17a052544193ad76cd49979c805768879cb63d9ca50561"
            ],
            "markers": "python_full_version >= '3.7.0'",
            "version": "==3.3.2"
        },
        "django": {
            "hashes": [
                "sha256:8e0f1c2c2786b5c0e39fe1afce24c926040fad47c8ea8ad30aaf1188df29fc41",
                "sha256:e1d37c51ad26186de355cbcec16613ebdabfa9689bbade9c538835205a8abbe9"
            ],
            "index": "pypi",
            "markers": "python_version >= '3.8'",
            "version": "==4.2.7"
        },
        "django-neomodel": {
            "hashes": [
                "sha256:9d05af4c099c10231acec7d7d2fd076318dca4d2402a71a7203347bffbe14b56",
                "sha256:ca3ea5cfedfa4394df4644ec52360052d497ca5d3efc6d86d584b0af19bb4a83"
            ],
            "index": "pypi",
            "markers": "python_version >= '3.7'",
            "version": "==0.1.1"
        },
        "djangorestframework": {
            "hashes": [
                "sha256:579a333e6256b09489cbe0a067e66abe55c6595d8926be6b99423786334350c8",
                "sha256:eb63f58c9f218e1a7d064d17a70751f528ed4e1d35547fdade9aaf4cd103fd08"
            ],
            "index": "pypi",
            "markers": "python_version >= '3.6'",
            "version": "==3.14.0"
        },
        "idna": {
            "hashes": [
                "sha256:27009fe2735bf8723353582d48575b23c533cc2c2de7b5a68908d91b5eb18d08",
                "sha256:79b8f0ac92d2351be5f6122356c9a592c96d81c9a79e4b488bf2a6a15f88057a"
            ],
            "markers": "python_version >= '3.5'",
            "version": "==3.5"
        },
        "jellyfish": {
            "hashes": [
                "sha256:004f6ab661ae4c591be1aed604fbf5976415f1bd771274d29ecdd59b82ef0518",
                "sha256:024d58f45d24565a0ccd129a1a90bb85f9e3fa4ddd4f50dbbd3ac39feac0bb7b",
                "sha256:0271686a4e0cfa67a62ae151e71ef556df1b562373a29d107c3bff4f2308d3ec",
                "sha256:0281e85aaa1a6edead83a66801a3ad24da27f80bee1efc6ff85ac7fa10069270",
                "sha256:06d75c438a735a689986ba6a199daa60da30515dd99696b08c10c800b08a8725",
                "sha256:0a5fff421ec821d37ad316f1f8e7706c5868d662d1dadcdbefd38ba1df45152d",
                "sha256:0ad15b58b808c76082b19c606a7a32d4c2c92520bbcb3a5c637e36520248e18b",
                "sha256:11f98c3041dbc80229916809b7a4aa9cc27142f385b6f334d9d8215b217fe87a",
                "sha256:141665836bb227e6c7e16195b292c8e0624ad6ba48471984c7d5a593876ba16b",
                "sha256:1472d4dc90b9af65c7ebeea846535f507c693411bacfd5ec954ea65454211e19",
                "sha256:1c3be01748738812d4674eb6badcd7e42a885700a4a50c8872683bd3687b58ec",
                "sha256:2f581d9b5b9e4f1967b980a31c584f01e62fc6ab24f94834a55d343bd438ccee",
                "sha256:318169ed003949a177536f9d6ee240997056caef75e37a66e7ade1e7d6e9fa4a",
                "sha256:335f9798c5e7d03d1af748347d69cda740b71baf23a7f03275bf7b8b13d87fba",
                "sha256:36e5b76447f91f08af1eda5c880aec00533e49517e206ea1b856e956f2a721bc",
                "sha256:3ce7aeb268acecec02f8f863a8343641064cb83d3d2fc44f4b2ca9fb31a1395d",
                "sha256:4351398fee07578d232625deb8fdadf7949c322e68ffd9e50b374ff0429d4071",
                "sha256:45a20a9ab3bfbc7983f60548aa5aff02408bb64de959a765636f8e1b5167266a",
                "sha256:484051e6eaa55063e8683dca4336acff5d66c794b8517d569f4055e3df38a789",
                "sha256:488f7174aeb759c92c9deadf393f81b38178f9397690d8692fd319fe943b313f",
                "sha256:48dd2b6165dae690d051a9b39f92cf37f8e583c7ac64c83718d07ba7dc68a7f8",
                "sha256:54c862cbc866aa45521d9a01100c1a3d7b305ebde2b4d7606cbd6c82350fdfa0",
                "sha256:553f195f2d24702b8586c6bd73a938c028d417f58ca4aaf735d827db7e21e827",
                "sha256:5932f7d0643db9deb09de50770fa7fd872f4e76d39686568d2a63bd3e4af16bb",
                "sha256:5aea474cf64998eb102d622944fde3d9198b17a2ec36ed1cae34fdb1887015fb",
                "sha256:5b957602492ae611e052bc945693b91e9ab2bf1c11273c731f5ac718721d6e6e",
                "sha256:61f0317789d139456c678f7a68a93130d3c0227e76d200cbeedf156719747d8f",
                "sha256:643315eb140af1bbfffb6d38b0371920c875ca3ec3fa0403b851bd50b9a9603c",
                "sha256:65e4256c44963337fcc63897f01f4a754bdc17e4d740bceb55c04ab94ca9c07e",
                "sha256:66ea8a7fe23f7794be55e36aac538c37ddb9cd21282779ac21afb06b280d6a96",
                "sha256:6e827f40d976a04502c21d20f8b788ef585f8a04a3c1b8b9b896492b463c5f94",
                "sha256:70afd781d99e04e9749991a2e5f8c78a0b2fc28076b9e30d7ff71ac421327747",
                "sha256:70d9bf2fec251dcfa96443ec6710e845ebdeabf254252090c2614843a56753dd",
                "sha256:7432c1d5c37563f913537716473b59466d2e8494aaf15bcd80f1778aa87365f2",
                "sha256:7bf482b872dea6267fd486957bb018c69f11618130f0e2e2cd04a9dd64be32f5",
                "sha256:80b0330071a52a33a1d816f7058798196d613916258565ee5f1cf9d1165c95bc",
                "sha256:8299663d497c0357b92023cf457b485d43d2e969da287f345ab128d145e9f73d",
                "sha256:8909ada3ca12e327b10e46e63b4db7d59a2ebea489dc6d1f7f7569fc89a728cf",
                "sha256:8b25acc9df837be60f72841a3c658bb74fdacb108631d67cb4c92eebf6bb2729",
                "sha256:92e17def9f6a3f6d6e7bc49040907a969ab6c1acd5bbc5db92fd65662f509ee4",
                "sha256:9a52bbd1d71f6de4fd0f24e2673deffcd93289eea6b973887ebd5d45edc865c6",
                "sha256:9af1447ebff6e8429ccd09ae632becb5612a0ea6bd9eb3aa8c2069a5586b0455",
                "sha256:9ffdec3137b4fbeadcf3ba49b75139e3271bd0fb3fa947ebb39c9d5a3af1db9e",
                "sha256:a2ce180fd087425e9a6f94979c84657cd91f331c3811b146c83605465d78130c",
                "sha256:a53b8636935f169bf928140ff09207c3cb24cbd76d87a1fd11785061cc7c57d3",
                "sha256:abd8388161df3ec6469b7b6fdad1066efb3958d885b7390ed105824c7e4ac68f",
                "sha256:b9dc71748365e9de24cca05920d17ef709a31a37c791105e049e37cfbccac3f5",
                "sha256:bb10db8375fec009fd5880de8158d6c4e43f09333297e53301a4579f526b39a6",
                "sha256:bbc5e8285bc38b10fba020154f0ba4b0a7af8e5bd95d28a48ff9bedca0a32bbe",
                "sha256:bbfd54e277ee4c72c383b9feeb8e1596466a17299508864892d76ba6a41a8d03",
                "sha256:c53895523a7a911621c4f46ffafb234ddbcd467a0e63782304c68652ba8dea41",
                "sha256:c59f5cdc04b62f8f4ff4575dcda66c3def012ede0049d8e199981cd155cb74c5",
                "sha256:c5aa3b4775c9eb7c814eb0eab5632b5ff476fdfea2be83b10d40bb821e01aa05",
                "sha256:cad69bc4174757abfc232c2741e3a6e08ad2050be9d84d91f58ff0936a8cce40",
                "sha256:d5d01941cd21ff57e41713c77786654f513cca2ace73f7ad53aefdf952600d06",
                "sha256:d606654953309a37b2f0ceaa3bfb26eeecc50d05577a037ac1f55f96f963e4a2",
                "sha256:da254a29f9ea2c5548fe02e42d0d361de566a92c6e7aef991eb6640d18b6f4b5",
                "sha256:ddb22b7155f208e088352283ee78cb4ef2d2067a76e148a8bb43d177f32b37d2",
                "sha256:e162ab1c140a6ceb44a7d13e53b94a0ad5f796a4b1389bb91dc6448f7cfecd73",
                "sha256:e164002d9171a3c1dc6e256a6ab7c3c61f9e0dcb5a1eec77846e664cc1b10e6d",
                "sha256:ee1a1db7bb5c240031d7769301fd5291a40997df76e68d322a2aa9b4f3fd7ba4",
                "sha256:f56a005e0bbbb45e465904db014e76020edc12ebe042bf5b4705089e14a07480",
                "sha256:fab07dedd2d30af9da37c1b80c0a44bde8e2dbff240064beaf33bb6d6d6b3228",
                "sha256:face52972a7c8d2538aec5bdbc4c863a7f2b3c5def88a6e6977fcaec8acefc92",
                "sha256:fafbc56ceaf88563aaf40b00c90b3a75d2d115a01082170091cab77fb14ca8d5"
            ],
            "markers": "python_version >= '3.7'",
            "version": "==1.0.3"
        },
        "joblib": {
            "hashes": [
                "sha256:92f865e621e17784e7955080b6d042489e3b8e294949cc44c6eac304f59772b1",
                "sha256:ef4331c65f239985f3f2220ecc87db222f08fd22097a3dd5698f693875f8cbb9"
            ],
            "markers": "python_version >= '3.7'",
            "version": "==1.3.2"
        },
        "neo4j": {
            "hashes": [
                "sha256:00a776a687267150f9e1950017316b751cf63db7b734a699b1405ac20fd4a731"
            ],
            "index": "pypi",
            "markers": "python_version >= '3.7'",
            "version": "==5.12.0"
        },
        "neobolt": {
            "hashes": [
                "sha256:1d0d5efce7221fc4f0ffc4a315bc5272708be5aa2aef5434269e800372d8db89"
            ],
            "version": "==1.7.17"
        },
        "neomodel": {
            "hashes": [
                "sha256:20d96ffbf5c5a016ce183cfead3c79eef30f208439a398883d8d8198de792e24",
                "sha256:aa3fefee606b3ee15701358e92c6131d0c5744445763c000782cf76207faa155"
            ],
            "index": "pypi",
            "markers": "python_version >= '3.7'",
            "version": "==5.1.2"
        },
        "numpy": {
            "hashes": [
                "sha256:06fa1ed84aa60ea6ef9f91ba57b5ed963c3729534e6e54055fc151fad0423f0a",
                "sha256:174a8880739c16c925799c018f3f55b8130c1f7c8e75ab0a6fa9d41cab092fd6",
                "sha256:1a13860fdcd95de7cf58bd6f8bc5a5ef81c0b0625eb2c9a783948847abbef2c2",
                "sha256:1cc3d5029a30fb5f06704ad6b23b35e11309491c999838c31f124fee32107c79",
                "sha256:22f8fc02fdbc829e7a8c578dd8d2e15a9074b630d4da29cda483337e300e3ee9",
                "sha256:26c9d33f8e8b846d5a65dd068c14e04018d05533b348d9eaeef6c1bd787f9919",
                "sha256:2b3fca8a5b00184828d12b073af4d0fc5fdd94b1632c2477526f6bd7842d700d",
                "sha256:2beef57fb031dcc0dc8fa4fe297a742027b954949cabb52a2a376c144e5e6060",
                "sha256:36340109af8da8805d8851ef1d74761b3b88e81a9bd80b290bbfed61bd2b4f75",
                "sha256:3703fc9258a4a122d17043e57b35e5ef1c5a5837c3db8be396c82e04c1cf9b0f",
                "sha256:3ced40d4e9e18242f70dd02d739e44698df3dcb010d31f495ff00a31ef6014fe",
                "sha256:4a06263321dfd3598cacb252f51e521a8cb4b6df471bb12a7ee5cbab20ea9167",
                "sha256:4eb8df4bf8d3d90d091e0146f6c28492b0be84da3e409ebef54349f71ed271ef",
                "sha256:5d5244aabd6ed7f312268b9247be47343a654ebea52a60f002dc70c769048e75",
                "sha256:64308ebc366a8ed63fd0bf426b6a9468060962f1a4339ab1074c228fa6ade8e3",
                "sha256:6a3cdb4d9c70e6b8c0814239ead47da00934666f668426fc6e94cce869e13fd7",
                "sha256:854ab91a2906ef29dc3925a064fcd365c7b4da743f84b123002f6139bcb3f8a7",
                "sha256:94cc3c222bb9fb5a12e334d0479b97bb2df446fbe622b470928f5284ffca3f8d",
                "sha256:96ca5482c3dbdd051bcd1fce8034603d6ebfc125a7bd59f55b40d8f5d246832b",
                "sha256:a2bbc29fcb1771cd7b7425f98b05307776a6baf43035d3b80c4b0f29e9545186",
                "sha256:a4cd6ed4a339c21f1d1b0fdf13426cb3b284555c27ac2f156dfdaaa7e16bfab0",
                "sha256:aa18428111fb9a591d7a9cc1b48150097ba6a7e8299fb56bdf574df650e7d1f1",
                "sha256:aa317b2325f7aa0a9471663e6093c210cb2ae9c0ad824732b307d2c51983d5b6",
                "sha256:b04f5dc6b3efdaab541f7857351aac359e6ae3c126e2edb376929bd3b7f92d7e",
                "sha256:b272d4cecc32c9e19911891446b72e986157e6a1809b7b56518b4f3755267523",
                "sha256:b361d369fc7e5e1714cf827b731ca32bff8d411212fccd29ad98ad622449cc36",
                "sha256:b96e7b9c624ef3ae2ae0e04fa9b460f6b9f17ad8b4bec6d7756510f1f6c0c841",
                "sha256:baf8aab04a2c0e859da118f0b38617e5ee65d75b83795055fb66c0d5e9e9b818",
                "sha256:bcc008217145b3d77abd3e4d5ef586e3bdfba8fe17940769f8aa09b99e856c00",
                "sha256:bd3f0091e845164a20bd5a326860c840fe2af79fa12e0469a12768a3ec578d80",
                "sha256:cc392fdcbd21d4be6ae1bb4475a03ce3b025cd49a9be5345d76d7585aea69440",
                "sha256:d73a3abcac238250091b11caef9ad12413dab01669511779bc9b29261dd50210",
                "sha256:f43740ab089277d403aa07567be138fc2a89d4d9892d113b76153e0e412409f8",
                "sha256:f65738447676ab5777f11e6bbbdb8ce11b785e105f690bc45966574816b6d3ea",
                "sha256:f79b231bf5c16b1f39c7f4875e1ded36abee1591e98742b05d8a0fb55d8a3eec",
                "sha256:fe6b44fb8fcdf7eda4ef4461b97b3f63c466b27ab151bec2366db8b197387841"
            ],
            "markers": "python_version < '3.11'",
            "version": "==1.26.2"
        },
        "pandas": {
            "hashes": [
                "sha256:0296a66200dee556850d99b24c54c7dfa53a3264b1ca6f440e42bad424caea03",
                "sha256:04d4c58e1f112a74689da707be31cf689db086949c71828ef5da86727cfe3f82",
                "sha256:08637041279b8981a062899da0ef47828df52a1838204d2b3761fbd3e9fcb549",
                "sha256:11a771450f36cebf2a4c9dbd3a19dfa8c46c4b905a3ea09dc8e556626060fe71",
                "sha256:1329dbe93a880a3d7893149979caa82d6ba64a25e471682637f846d9dbc10dd2",
                "sha256:1f539e113739a3e0cc15176bf1231a553db0239bfa47a2c870283fd93ba4f683",
                "sha256:22929f84bca106921917eb73c1521317ddd0a4c71b395bcf767a106e3494209f",
                "sha256:321ecdb117bf0f16c339cc6d5c9a06063854f12d4d9bc422a84bb2ed3207380a",
                "sha256:35172bff95f598cc5866c047f43c7f4df2c893acd8e10e6653a4b792ed7f19bb",
                "sha256:3cc4469ff0cf9aa3a005870cb49ab8969942b7156e0a46cc3f5abd6b11051dfb",
                "sha256:4441ac94a2a2613e3982e502ccec3bdedefe871e8cea54b8775992485c5660ef",
                "sha256:465571472267a2d6e00657900afadbe6097c8e1dc43746917db4dfc862e8863e",
                "sha256:59dfe0e65a2f3988e940224e2a70932edc964df79f3356e5f2997c7d63e758b4",
                "sha256:72c84ec1b1d8e5efcbff5312abe92bfb9d5b558f11e0cf077f5496c4f4a3c99e",
                "sha256:7cf4cf26042476e39394f1f86868d25b265ff787c9b2f0d367280f11afbdee6d",
                "sha256:7fa2ad4ff196768ae63a33f8062e6838efed3a319cf938fdf8b95e956c813042",
                "sha256:a5d53c725832e5f1645e7674989f4c106e4b7249c1d57549023ed5462d73b140",
                "sha256:acf08a73b5022b479c1be155d4988b72f3020f308f7a87c527702c5f8966d34f",
                "sha256:b99c4e51ef2ed98f69099c72c75ec904dd610eb41a32847c4fcbc1a975f2d2b8",
                "sha256:d5ded6ff28abbf0ea7689f251754d3789e1edb0c4d0d91028f0b980598418a58",
                "sha256:de21e12bf1511190fc1e9ebc067f14ca09fccfb189a813b38d63211d54832f5f",
                "sha256:f7ea8ae8004de0381a2376662c0505bb0a4f679f4c61fbfd122aa3d1b0e5f09d",
                "sha256:fc77309da3b55732059e484a1efc0897f6149183c522390772d3561f9bf96c00",
                "sha256:fca5680368a5139d4920ae3dc993eb5106d49f814ff24018b64d8850a52c6ed2",
                "sha256:fcd76d67ca2d48f56e2db45833cf9d58f548f97f61eecd3fdc74268417632b8a"
            ],
            "index": "pypi",
            "markers": "python_version >= '3.9'",
            "version": "==2.1.3"
        },
        "pulsar-client": {
            "hashes": [
                "sha256:0f64c62746ccd5b65a0c505f5f40b9af1f147eb1fa2d8f9c90cd5c8b92dd8597",
                "sha256:1e4b5d44b992c9b036286b483f3588c10b89c6047fb59d80c7474445997f4e10",
                "sha256:1f66982284571674b215324cc26b5c2f7c56c7043113c47a7084cb70d67a8afb",
                "sha256:33656450536d83eed1563ff09692c2c415fb199d88e9ed97d701ca446a119e1b",
                "sha256:33c4e6865fda62a2e460f823dce4d49ac2973a4459b8ff99eda5fdd6aaaebf46",
                "sha256:386e78ff52058d881780bae1f6e84ac9434ae0b01a8581755ca8cc0dc844a332",
                "sha256:3e4ecb780df58bcfd3918590bd3ff31ed79bccfbef3a1a60370642eb1e14a9d2",
                "sha256:42c8f3eaa98e2351805ecb6efb6d5fedf47a314a3ce6af0e05ea1449ea7244ed",
                "sha256:43f98afdf0334b2b957a4d96f97a1fe8a7f7fd1e2631d40c3f00b4162f396485",
                "sha256:497a59ac6b650835a3b2c502f53477e5c98e5226998ca3f17c0b0a3eb4d67d08",
                "sha256:5b84a20c9012e3c4ef1b7085acd7467197118c090b378dec27d773fb79d91556",
                "sha256:5e69750f8ae57e55fddf97b459ce0d8b38b2bb85f464a71e871ee6a86d893be7",
                "sha256:5e7a48b2e505cde758fd51a601b5da0671fa98c9baee38362aaaa3ab2b930c28",
                "sha256:694530af1d6c75fb81456fb509778c1868adee31e997ddece6e21678200182ea",
                "sha256:72cbb1bdcba2dd1265296b5ba65331622ee89c16db75edaad46dd7b90c6dd447",
                "sha256:7b5dd25cf778d6c980d36c53081e843ea272afe7af4f0ad6394ae9513f94641b",
                "sha256:7ce1e215c252f22a6f26ca5e9076826041a04d88dc213b92c86b524be2774a64",
                "sha256:7e147e5ba460c1818bc05254279a885b4e552bcafb8961d40e31f98d5ff46628",
                "sha256:7fe50a06f81c48a75a9b95c27a6446260039adca71d9face273740de96b2efca",
                "sha256:8259c3b856eb6deaa1f93dce893ab18d99d36d102da5612c8e97a4fb41b70ab1",
                "sha256:88b0fd5be73a4103986b9dbe3a66468cf8829371e34af87ff8f216e3980f4cbe",
                "sha256:c31afd3e67a044ff93177df89e08febf214cc965e95ede097d9fe8755af00e01",
                "sha256:c4e15fa696e275ccb66d0791fdc19c4dea0420d81349c8055e485b134125e14f",
                "sha256:ce33de700b06583df8777e139d68cb4b4b3d0a2eac168d74278d8935f357fb10",
                "sha256:d4c46a4b96a6e9919cfe220156d69a2ede8053d9ea1add4ada108abcf2ba9775",
                "sha256:d54dd12955bf587dd46d9184444af5e853d9da2a14bbfb739ed2c7c3b78ce280",
                "sha256:ede264385d47257b2f2b08ecde9181ec5338bea5639cc543d1856f01736778d2",
                "sha256:efe7c1e6a96daccc522c3567b6847ffa54c13e0f510d9a427b4aeff9fbebe54b",
                "sha256:f1810ddc623c8de2675d17405ce47057a9a2b92298e708ce4d9564847f5ad904",
                "sha256:f28e94420090fceeb38e23fc744f3edf8710e48314ef5927d2b674a1d1e43ee0"
            ],
            "index": "pypi",
            "version": "==3.3.0"
        },
        "python-dateutil": {
            "hashes": [
                "sha256:0123cacc1627ae19ddf3c27a5de5bd67ee4586fbdd6440d9748f8abb483d3e86",
                "sha256:961d03dc3453ebbc59dbdea9e4e11c5651520a876d0f4db161e8674aae935da9"
            ],
            "markers": "python_version >= '2.7' and python_version not in '3.0, 3.1, 3.2, 3.3'",
            "version": "==2.8.2"
        },
        "python-decouple": {
            "hashes": [
                "sha256:ba6e2657d4f376ecc46f77a3a615e058d93ba5e465c01bbe57289bfb7cce680f",
                "sha256:d0d45340815b25f4de59c974b855bb38d03151d81b037d9e3f463b0c9f8cbd66"
            ],
            "index": "pypi",
            "version": "==3.8"
        },
        "pytz": {
            "hashes": [
                "sha256:7b4fddbeb94a1eba4b557da24f19fdf9db575192544270a9101d8509f9f43d7b",
                "sha256:ce42d816b81b68506614c11e8937d3aa9e41007ceb50bfdcb0749b921bf646c7"
            ],
            "version": "==2023.3.post1"
        },
        "recordlinkage": {
            "hashes": [
                "sha256:7ca404ab30435ea4b0ae2eda411f8dcc3c48186e152d3ca91fb525e8f6c0fd63",
                "sha256:ecda0c10dff138b1706815de332b1285f670ae7e8cce92596213501d589e6aa4"
            ],
            "index": "pypi",
            "markers": "python_version >= '3.8'",
            "version": "==0.16"
        },
        "requests": {
            "hashes": [
                "sha256:58cd2187c01e70e6e26505bca751777aa9f2ee0b7f4300988b709f44e013003f",
                "sha256:942c5a758f98d790eaed1a29cb6eefc7ffb0d1cf7af05c3d2791656dbd6ad1e1"
            ],
            "index": "pypi",
            "markers": "python_version >= '3.7'",
            "version": "==2.31.0"
        },
        "scikit-learn": {
            "hashes": [
                "sha256:0402638c9a7c219ee52c94cbebc8fcb5eb9fe9c773717965c1f4185588ad3107",
                "sha256:0ee107923a623b9f517754ea2f69ea3b62fc898a3641766cb7deb2f2ce450161",
                "sha256:1215e5e58e9880b554b01187b8c9390bf4dc4692eedeaf542d3273f4785e342c",
                "sha256:15e1e94cc23d04d39da797ee34236ce2375ddea158b10bee3c343647d615581d",
                "sha256:18424efee518a1cde7b0b53a422cde2f6625197de6af36da0b57ec502f126157",
                "sha256:1d08ada33e955c54355d909b9c06a4789a729977f165b8bae6f225ff0a60ec4a",
                "sha256:3271552a5eb16f208a6f7f617b8cc6d1f137b52c8a1ef8edf547db0259b2c9fb",
                "sha256:35a22e8015048c628ad099da9df5ab3004cdbf81edc75b396fd0cff8699ac58c",
                "sha256:535805c2a01ccb40ca4ab7d081d771aea67e535153e35a1fd99418fcedd1648a",
                "sha256:5b2de18d86f630d68fe1f87af690d451388bb186480afc719e5f770590c2ef6c",
                "sha256:61a6efd384258789aa89415a410dcdb39a50e19d3d8410bd29be365bcdd512d5",
                "sha256:64381066f8aa63c2710e6b56edc9f0894cc7bf59bd71b8ce5613a4559b6145e0",
                "sha256:67f37d708f042a9b8d59551cf94d30431e01374e00dc2645fa186059c6c5d78b",
                "sha256:6c43290337f7a4b969d207e620658372ba3c1ffb611f8bc2b6f031dc5c6d1d03",
                "sha256:6fb6bc98f234fda43163ddbe36df8bcde1d13ee176c6dc9b92bb7d3fc842eb66",
                "sha256:763f0ae4b79b0ff9cca0bf3716bcc9915bdacff3cebea15ec79652d1cc4fa5c9",
                "sha256:785a2213086b7b1abf037aeadbbd6d67159feb3e30263434139c98425e3dcfcf",
                "sha256:8db94cd8a2e038b37a80a04df8783e09caac77cbe052146432e67800e430c028",
                "sha256:a19f90f95ba93c1a7f7924906d0576a84da7f3b2282ac3bfb7a08a32801add93",
                "sha256:a2f54c76accc15a34bfb9066e6c7a56c1e7235dda5762b990792330b52ccfb05",
                "sha256:b8692e395a03a60cd927125eef3a8e3424d86dde9b2370d544f0ea35f78a8073",
                "sha256:cb06f8dce3f5ddc5dee1715a9b9f19f20d295bed8e3cd4fa51e1d050347de525",
                "sha256:dc9002fc200bed597d5d34e90c752b74df516d592db162f756cc52836b38fe0e",
                "sha256:e326c0eb5cf4d6ba40f93776a20e9a7a69524c4db0757e7ce24ba222471ee8a1",
                "sha256:ed932ea780517b00dae7431e031faae6b49b20eb6950918eb83bd043237950e0",
                "sha256:fc4144a5004a676d5022b798d9e573b05139e77f271253a4703eed295bde0433"
            ],
            "markers": "python_version >= '3.8'",
            "version": "==1.3.2"
        },
        "scipy": {
            "hashes": [
                "sha256:00150c5eae7b610c32589dda259eacc7c4f1665aedf25d921907f4d08a951b1c",
                "sha256:028eccd22e654b3ea01ee63705681ee79933652b2d8f873e7949898dda6d11b6",
                "sha256:1b7c3dca977f30a739e0409fb001056484661cb2541a01aba0bb0029f7b68db8",
                "sha256:2c6ff6ef9cc27f9b3db93a6f8b38f97387e6e0591600369a297a50a8e96e835d",
                "sha256:36750b7733d960d7994888f0d148d31ea3017ac15eef664194b4ef68d36a4a97",
                "sha256:530f9ad26440e85766509dbf78edcfe13ffd0ab7fec2560ee5c36ff74d6269ff",
                "sha256:5e347b14fe01003d3b78e196e84bd3f48ffe4c8a7b8a1afbcb8f5505cb710993",
                "sha256:6550466fbeec7453d7465e74d4f4b19f905642c89a7525571ee91dd7adabb5a3",
                "sha256:6df1468153a31cf55ed5ed39647279beb9cfb5d3f84369453b49e4b8502394fd",
                "sha256:6e619aba2df228a9b34718efb023966da781e89dd3d21637b27f2e54db0410d7",
                "sha256:8fce70f39076a5aa62e92e69a7f62349f9574d8405c0a5de6ed3ef72de07f446",
                "sha256:90a2b78e7f5733b9de748f589f09225013685f9b218275257f8a8168ededaeaa",
                "sha256:91af76a68eeae0064887a48e25c4e616fa519fa0d38602eda7e0f97d65d57937",
                "sha256:933baf588daa8dc9a92c20a0be32f56d43faf3d1a60ab11b3f08c356430f6e56",
                "sha256:acf8ed278cc03f5aff035e69cb511741e0418681d25fbbb86ca65429c4f4d9cd",
                "sha256:ad669df80528aeca5f557712102538f4f37e503f0c5b9541655016dd0932ca79",
                "sha256:b030c6674b9230d37c5c60ab456e2cf12f6784596d15ce8da9365e70896effc4",
                "sha256:b9999c008ccf00e8fbcce1236f85ade5c569d13144f77a1946bef8863e8f6eb4",
                "sha256:bc9a714581f561af0848e6b69947fda0614915f072dfd14142ed1bfe1b806710",
                "sha256:ce7fff2e23ab2cc81ff452a9444c215c28e6305f396b2ba88343a567feec9660",
                "sha256:cf00bd2b1b0211888d4dc75656c0412213a8b25e80d73898083f402b50f47e41",
                "sha256:d10e45a6c50211fe256da61a11c34927c68f277e03138777bdebedd933712fea",
                "sha256:ee410e6de8f88fd5cf6eadd73c135020bfbbbdfcd0f6162c36a7638a1ea8cc65",
                "sha256:f313b39a7e94f296025e3cffc2c567618174c0b1dde173960cf23808f9fae4be",
                "sha256:f3cd9e7b3c2c1ec26364856f9fbe78695fe631150f94cd1c22228456404cf1ec"
            ],
            "markers": "python_version >= '3.9'",
            "version": "==1.11.4"
        },
        "six": {
            "hashes": [
                "sha256:1e61c37477a1626458e36f7b1d82aa5c9b094fa4802892072e49de9c60c4c926",
                "sha256:8abb2f1d86890a2dfb989f9a77cfcfd3e47c2a354b01111771326f8aa26e0254"
            ],
            "markers": "python_version >= '2.7' and python_version not in '3.0, 3.1, 3.2, 3.3'",
            "version": "==1.16.0"
        },
        "sqlparse": {
            "hashes": [
                "sha256:5430a4fe2ac7d0f93e66f1efc6e1338a41884b7ddf2a350cedd20ccc4d9d28f3",
                "sha256:d446183e84b8349fa3061f0fe7f06ca94ba65b426946ffebe6e3e8295332420c"
            ],
            "markers": "python_version >= '3.5'",
            "version": "==0.4.4"
        },
        "threadpoolctl": {
            "hashes": [
                "sha256:2b7818516e423bdaebb97c723f86a7c6b0a83d3f3b0970328d66f4d9104dc032",
                "sha256:c96a0ba3bdddeaca37dc4cc7344aafad41cdb8c313f74fdfe387a867bba93355"
            ],
            "markers": "python_version >= '3.8'",
            "version": "==3.2.0"
        },
        "typing-extensions": {
            "hashes": [
                "sha256:8f92fc8806f9a6b641eaa5318da32b44d401efaac0f6678c9bc448ba3605faa0",
                "sha256:df8e4339e9cb77357558cbdbceca33c303714cf861d1eef15e1070055ae8b7ef"
            ],
            "markers": "python_version < '3.11'",
            "version": "==4.8.0"
        },
        "tzdata": {
            "hashes": [
                "sha256:11ef1e08e54acb0d4f95bdb1be05da659673de4acbd21bf9c69e94cc5e907a3a",
                "sha256:7e65763eef3120314099b6939b5546db7adce1e7d6f2e179e3df563c70511eda"
            ],
            "markers": "python_version >= '2'",
            "version": "==2023.3"
        },
        "urllib3": {
            "hashes": [
                "sha256:55901e917a5896a349ff771be919f8bd99aff50b79fe58fec595eb37bbc56bb3",
                "sha256:df7aa8afb0148fa78488e7899b2c59b5f4ffcfa82e6c54ccb9dd37c1d7b52d54"
            ],
            "markers": "python_version >= '3.8'",
            "version": "==2.1.0"
        }
    },
    "develop": {}
}
